
Microsoft Visual Studio Solution File, Format Version 12.00
Project("{FAE04EC0-301F-11D3-BF4B-00C04F79EFBC}") = "RefereeApp", "RefereeApp\RefereeApp.csproj", "{7878579F-7258-4C4D-9953-88CB22FA2EC1}"
EndProject
Global
	GlobalSection(SolutionConfigurationPlatforms) = preSolution
		Debug|Any CPU = Debug|Any CPU
		Release|Any CPU = Release|Any CPU
	EndGlobalSection
	GlobalSection(ProjectConfigurationPlatforms) = postSolution
		{7878579F-7258-4C4D-9953-88CB22FA2EC1}.Debug|Any CPU.ActiveCfg = Debug|Any CPU
		{7878579F-7258-4C4D-9953-88CB22FA2EC1}.Debug|Any CPU.Build.0 = Debug|Any CPU
		{7878579F-7258-4C4D-9953-88CB22FA2EC1}.Release|Any CPU.ActiveCfg = Release|Any CPU
		{7878579F-7258-4C4D-9953-88CB22FA2EC1}.Release|Any CPU.Build.0 = Release|Any CPU
	EndGlobalSection
EndGlobal
